
Microsoft Visual Studio Solution File, Format Version 12.00
# Visual Studio Version 17
VisualStudioVersion = 17.11.35303.130
MinimumVisualStudioVersion = 10.0.40219.1
Project("{FAE04EC0-301F-11D3-BF4B-00C04F79EFBC}") = "JY24WV_HSZF_2024251.Application", "JY24WV_HSZF_2024251.Application\JY24WV_HSZF_2024251.Application.csproj", "{300486C5-7DFA-463A-A11D-56242CBC39D4}"
EndProject
Project("{FAE04EC0-301F-11D3-BF4B-00C04F79EFBC}") = "JY24WV_HSZF_2024251.Model", "JY24WV_HSZF_2024251.Model\JY24WV_HSZF_2024251.Model.csproj", "{00E5D6BA-4C3F-4A03-9D74-CF77CFFB9A69}"
EndProject
Project("{FAE04EC0-301F-11D3-BF4B-00C04F79EFBC}") = "JY24WV_HSZF_2024251.Persistence.MsSql", "JY24WV_HSZF_2024251.Persistence.MsSql\JY24WV_HSZF_2024251.Persistence.MsSql.csproj", "{31A15D41-9FF2-4ED3-A706-5C7FDC5BC7F2}"
EndProject
Project("{FAE04EC0-301F-11D3-BF4B-00C04F79EFBC}") = "JY24WV_HSZF_2024251.Test", "JY24WV_HSZF_2024251.Test\JY24WV_HSZF_2024251.Test.csproj", "{BA8BA28E-C8F6-4A01-9F1A-F608BB26BC1F}"
EndProject
Project("{FAE04EC0-301F-11D3-BF4B-00C04F79EFBC}") = "JY24WV_HSZF_2024251.Console", "JY24WV_HSZF_2024251.Console\JY24WV_HSZF_2024251.Console.csproj", "{19189110-1E90-45DE-A51F-250F1914FA31}"
EndProject
Project("{2150E333-8FDC-42A3-9474-1A3956D46DE8}") = "Application", "Application", "{6AE8328B-D0DE-4300-9FAA-9EB8D40BE840}"
EndProject
Project("{2150E333-8FDC-42A3-9474-1A3956D46DE8}") = "Domain", "Domain", "{F453BC69-2C5A-4D1E-B02A-C703CDD6610D}"
EndProject
Project("{2150E333-8FDC-42A3-9474-1A3956D46DE8}") = "Infrastructure", "Infrastructure", "{27EEC377-7DF0-4DD3-95CA-3F30917625F4}"
EndProject
Project("{2150E333-8FDC-42A3-9474-1A3956D46DE8}") = "Presentation", "Presentation", "{8684AE14-DA8B-4081-9102-3C458B205C5E}"
EndProject
Project("{2150E333-8FDC-42A3-9474-1A3956D46DE8}") = "Tests", "Tests", "{1FC2386E-0D84-4E3E-8C5A-FCB2662F1F0A}"
EndProject
Global
	GlobalSection(SolutionConfigurationPlatforms) = preSolution
		Debug|Any CPU = Debug|Any CPU
		Release|Any CPU = Release|Any CPU
	EndGlobalSection
	GlobalSection(ProjectConfigurationPlatforms) = postSolution
		{300486C5-7DFA-463A-A11D-56242CBC39D4}.Debug|Any CPU.ActiveCfg = Debug|Any CPU
		{300486C5-7DFA-463A-A11D-56242CBC39D4}.Debug|Any CPU.Build.0 = Debug|Any CPU
		{300486C5-7DFA-463A-A11D-56242CBC39D4}.Release|Any CPU.ActiveCfg = Release|Any CPU
		{300486C5-7DFA-463A-A11D-56242CBC39D4}.Release|Any CPU.Build.0 = Release|Any CPU
		{00E5D6BA-4C3F-4A03-9D74-CF77CFFB9A69}.Debug|Any CPU.ActiveCfg = Debug|Any CPU
		{00E5D6BA-4C3F-4A03-9D74-CF77CFFB9A69}.Debug|Any CPU.Build.0 = Debug|Any CPU
		{00E5D6BA-4C3F-4A03-9D74-CF77CFFB9A69}.Release|Any CPU.ActiveCfg = Release|Any CPU
		{00E5D6BA-4C3F-4A03-9D74-CF77CFFB9A69}.Release|Any CPU.Build.0 = Release|Any CPU
		{31A15D41-9FF2-4ED3-A706-5C7FDC5BC7F2}.Debug|Any CPU.ActiveCfg = Debug|Any CPU
		{31A15D41-9FF2-4ED3-A706-5C7FDC5BC7F2}.Debug|Any CPU.Build.0 = Debug|Any CPU
		{31A15D41-9FF2-4ED3-A706-5C7FDC5BC7F2}.Release|Any CPU.ActiveCfg = Release|Any CPU
		{31A15D41-9FF2-4ED3-A706-5C7FDC5BC7F2}.Release|Any CPU.Build.0 = Release|Any CPU
		{BA8BA28E-C8F6-4A01-9F1A-F608BB26BC1F}.Debug|Any CPU.ActiveCfg = Debug|Any CPU
		{BA8BA28E-C8F6-4A01-9F1A-F608BB26BC1F}.Debug|Any CPU.Build.0 = Debug|Any CPU
		{BA8BA28E-C8F6-4A01-9F1A-F608BB26BC1F}.Release|Any CPU.ActiveCfg = Release|Any CPU
		{BA8BA28E-C8F6-4A01-9F1A-F608BB26BC1F}.Release|Any CPU.Build.0 = Release|Any CPU
		{19189110-1E90-45DE-A51F-250F1914FA31}.Debug|Any CPU.ActiveCfg = Debug|Any CPU
		{19189110-1E90-45DE-A51F-250F1914FA31}.Debug|Any CPU.Build.0 = Debug|Any CPU
		{19189110-1E90-45DE-A51F-250F1914FA31}.Release|Any CPU.ActiveCfg = Release|Any CPU
		{19189110-1E90-45DE-A51F-250F1914FA31}.Release|Any CPU.Build.0 = Release|Any CPU
	EndGlobalSection
	GlobalSection(SolutionProperties) = preSolution
		HideSolutionNode = FALSE
	EndGlobalSection
	GlobalSection(NestedProjects) = preSolution
		{300486C5-7DFA-463A-A11D-56242CBC39D4} = {6AE8328B-D0DE-4300-9FAA-9EB8D40BE840}
		{00E5D6BA-4C3F-4A03-9D74-CF77CFFB9A69} = {F453BC69-2C5A-4D1E-B02A-C703CDD6610D}
		{31A15D41-9FF2-4ED3-A706-5C7FDC5BC7F2} = {27EEC377-7DF0-4DD3-95CA-3F30917625F4}
		{BA8BA28E-C8F6-4A01-9F1A-F608BB26BC1F} = {1FC2386E-0D84-4E3E-8C5A-FCB2662F1F0A}
		{19189110-1E90-45DE-A51F-250F1914FA31} = {8684AE14-DA8B-4081-9102-3C458B205C5E}
	EndGlobalSection
	GlobalSection(ExtensibilityGlobals) = postSolution
		SolutionGuid = {BD3E8E5D-647E-466B-BF2D-3055E4170D19}
	EndGlobalSection
EndGlobal
